
Microsoft Visual Studio Solution File, Format Version 12.00
# Visual Studio 14
VisualStudioVersion = 14.0.25420.1
MinimumVisualStudioVersion = 10.0.40219.1
Project("{FAE04EC0-301F-11D3-BF4B-00C04F79EFBC}") = "Jobs.Core", "Jobs.Core\Jobs.Core.csproj", "{9409F7CF-C907-487B-8337-FC502F4F404E}"
EndProject
Project("{FAE04EC0-301F-11D3-BF4B-00C04F79EFBC}") = "Jobs", "Jobs\Jobs.csproj", "{A72ABE97-7415-4240-AD61-C628635D157C}"
EndProject
Project("{2150E333-8FDC-42A3-9474-1A3956D46DE8}") = "Jobs.Items", "Jobs.Items", "{BA9F2B82-A095-4A60-9217-B19E360CE901}"
EndProject
Project("{FAE04EC0-301F-11D3-BF4B-00C04F79EFBC}") = "Jobs.Web", "Jobs.Web\Jobs.Web.csproj", "{B0450136-8A7F-4557-9A79-62D58D1E9970}"
EndProject
Project("{FAE04EC0-301F-11D3-BF4B-00C04F79EFBC}") = "Jobs.Item.Kuaikan", "Jobs.Item.Kuaikan_Comic\Jobs.Item.Kuaikan.csproj", "{630986DF-6701-4A70-803B-7A177E93432A}"
EndProject
Project("{FAE04EC0-301F-11D3-BF4B-00C04F79EFBC}") = "Jobs.Item.Buka", "Job.Item.Buka\Jobs.Item.Buka.csproj", "{DC452C16-6453-450A-9293-1E490D60950F}"
EndProject
Project("{FAE04EC0-301F-11D3-BF4B-00C04F79EFBC}") = "Jobs.Item.Migu", "Jobs.Item.Migu\Jobs.Item.Migu.csproj", "{969D424B-EE35-4FFA-BC70-BF59287C51BE}"
EndProject
Project("{FAE04EC0-301F-11D3-BF4B-00C04F79EFBC}") = "Jobs.Item.Zhangyue", "Jobs.Item.Zhangyue\Jobs.Item.Zhangyue.csproj", "{33364AA4-9DCB-414F-B2AE-DC1852B33AB7}"
EndProject
Project("{FAE04EC0-301F-11D3-BF4B-00C04F79EFBC}") = "Jobs.Item.Zymk", "Job.Items.Zymk\Jobs.Item.Zymk.csproj", "{68E4608E-B9EB-4184-98D0-51C0FCE79B86}"
EndProject
Project("{FAE04EC0-301F-11D3-BF4B-00C04F79EFBC}") = "Jobs.Item.Wangyi", "Jobs.Item.Wangyi\Jobs.Item.Wangyi.csproj", "{0EAF027A-E803-4930-B4B2-169275D34F0A}"
EndProject
Project("{FAE04EC0-301F-11D3-BF4B-00C04F79EFBC}") = "Jobs.Item.Icartoons", "Jobs.Item.Icartoons\Jobs.Item.Icartoons.csproj", "{197564BE-72F1-478D-8EEB-61A04B10FF8A}"
EndProject
Project("{FAE04EC0-301F-11D3-BF4B-00C04F79EFBC}") = "Jobs.Item.Webtoons", "Jobs.Item.Webtoons\Jobs.Item.Webtoons.csproj", "{9C4E8117-94B0-4CD9-AC81-9909ECFF3EE1}"
EndProject
Project("{FAE04EC0-301F-11D3-BF4B-00C04F79EFBC}") = "Jobs.Item.Manhuatai", "Jobs.Item.Manhuatai\Jobs.Item.Manhuatai.csproj", "{1EFB1F3F-EAF8-4204-A89B-7C0C7772B7AF}"
EndProject
Project("{FAE04EC0-301F-11D3-BF4B-00C04F79EFBC}") = "Jobs.Item.U17", "Jobs.Item.U17\Jobs.Item.U17.csproj", "{639B74D7-B010-442E-A6F0-5D5FD21402A5}"
EndProject
Project("{FAE04EC0-301F-11D3-BF4B-00C04F79EFBC}") = "Jobs.Item.QQ", "Jobs.Item.QQ\Jobs.Item.QQ.csproj", "{35BAAB93-922C-45EB-BAB0-83223FE736E4}"
EndProject
Project("{FAE04EC0-301F-11D3-BF4B-00C04F79EFBC}") = "Jobs.Item.MKZ", "Jobs.Item.MKZ\Jobs.Item.MKZ.csproj", "{F9452041-7820-49EB-BA87-05F5F07D7BF0}"
EndProject
Global
	GlobalSection(SolutionConfigurationPlatforms) = preSolution
		Debug|Any CPU = Debug|Any CPU
		Release|Any CPU = Release|Any CPU
	EndGlobalSection
	GlobalSection(ProjectConfigurationPlatforms) = postSolution
		{9409F7CF-C907-487B-8337-FC502F4F404E}.Debug|Any CPU.ActiveCfg = Debug|Any CPU
		{9409F7CF-C907-487B-8337-FC502F4F404E}.Debug|Any CPU.Build.0 = Debug|Any CPU
		{9409F7CF-C907-487B-8337-FC502F4F404E}.Release|Any CPU.ActiveCfg = Release|Any CPU
		{9409F7CF-C907-487B-8337-FC502F4F404E}.Release|Any CPU.Build.0 = Release|Any CPU
		{A72ABE97-7415-4240-AD61-C628635D157C}.Debug|Any CPU.ActiveCfg = Debug|Any CPU
		{A72ABE97-7415-4240-AD61-C628635D157C}.Debug|Any CPU.Build.0 = Debug|Any CPU
		{A72ABE97-7415-4240-AD61-C628635D157C}.Release|Any CPU.ActiveCfg = Release|Any CPU
		{A72ABE97-7415-4240-AD61-C628635D157C}.Release|Any CPU.Build.0 = Release|Any CPU
		{B0450136-8A7F-4557-9A79-62D58D1E9970}.Debug|Any CPU.ActiveCfg = Debug|Any CPU
		{B0450136-8A7F-4557-9A79-62D58D1E9970}.Debug|Any CPU.Build.0 = Debug|Any CPU
		{B0450136-8A7F-4557-9A79-62D58D1E9970}.Release|Any CPU.ActiveCfg = Release|Any CPU
		{B0450136-8A7F-4557-9A79-62D58D1E9970}.Release|Any CPU.Build.0 = Release|Any CPU
		{630986DF-6701-4A70-803B-7A177E93432A}.Debug|Any CPU.ActiveCfg = Debug|Any CPU
		{630986DF-6701-4A70-803B-7A177E93432A}.Debug|Any CPU.Build.0 = Debug|Any CPU
		{630986DF-6701-4A70-803B-7A177E93432A}.Release|Any CPU.ActiveCfg = Release|Any CPU
		{630986DF-6701-4A70-803B-7A177E93432A}.Release|Any CPU.Build.0 = Release|Any CPU
		{DC452C16-6453-450A-9293-1E490D60950F}.Debug|Any CPU.ActiveCfg = Debug|Any CPU
		{DC452C16-6453-450A-9293-1E490D60950F}.Debug|Any CPU.Build.0 = Debug|Any CPU
		{DC452C16-6453-450A-9293-1E490D60950F}.Release|Any CPU.ActiveCfg = Release|Any CPU
		{DC452C16-6453-450A-9293-1E490D60950F}.Release|Any CPU.Build.0 = Release|Any CPU
		{969D424B-EE35-4FFA-BC70-BF59287C51BE}.Debug|Any CPU.ActiveCfg = Debug|Any CPU
		{969D424B-EE35-4FFA-BC70-BF59287C51BE}.Debug|Any CPU.Build.0 = Debug|Any CPU
		{969D424B-EE35-4FFA-BC70-BF59287C51BE}.Release|Any CPU.ActiveCfg = Release|Any CPU
		{969D424B-EE35-4FFA-BC70-BF59287C51BE}.Release|Any CPU.Build.0 = Release|Any CPU
		{33364AA4-9DCB-414F-B2AE-DC1852B33AB7}.Debug|Any CPU.ActiveCfg = Debug|Any CPU
		{33364AA4-9DCB-414F-B2AE-DC1852B33AB7}.Debug|Any CPU.Build.0 = Debug|Any CPU
		{33364AA4-9DCB-414F-B2AE-DC1852B33AB7}.Release|Any CPU.ActiveCfg = Release|Any CPU
		{33364AA4-9DCB-414F-B2AE-DC1852B33AB7}.Release|Any CPU.Build.0 = Release|Any CPU
		{68E4608E-B9EB-4184-98D0-51C0FCE79B86}.Debug|Any CPU.ActiveCfg = Debug|Any CPU
		{68E4608E-B9EB-4184-98D0-51C0FCE79B86}.Debug|Any CPU.Build.0 = Debug|Any CPU
		{68E4608E-B9EB-4184-98D0-51C0FCE79B86}.Release|Any CPU.ActiveCfg = Release|Any CPU
		{68E4608E-B9EB-4184-98D0-51C0FCE79B86}.Release|Any CPU.Build.0 = Release|Any CPU
		{0EAF027A-E803-4930-B4B2-169275D34F0A}.Debug|Any CPU.ActiveCfg = Debug|Any CPU
		{0EAF027A-E803-4930-B4B2-169275D34F0A}.Debug|Any CPU.Build.0 = Debug|Any CPU
		{0EAF027A-E803-4930-B4B2-169275D34F0A}.Release|Any CPU.ActiveCfg = Release|Any CPU
		{0EAF027A-E803-4930-B4B2-169275D34F0A}.Release|Any CPU.Build.0 = Release|Any CPU
		{197564BE-72F1-478D-8EEB-61A04B10FF8A}.Debug|Any CPU.ActiveCfg = Debug|Any CPU
		{197564BE-72F1-478D-8EEB-61A04B10FF8A}.Debug|Any CPU.Build.0 = Debug|Any CPU
		{197564BE-72F1-478D-8EEB-61A04B10FF8A}.Release|Any CPU.ActiveCfg = Release|Any CPU
		{197564BE-72F1-478D-8EEB-61A04B10FF8A}.Release|Any CPU.Build.0 = Release|Any CPU
		{9C4E8117-94B0-4CD9-AC81-9909ECFF3EE1}.Debug|Any CPU.ActiveCfg = Debug|Any CPU
		{9C4E8117-94B0-4CD9-AC81-9909ECFF3EE1}.Debug|Any CPU.Build.0 = Debug|Any CPU
		{9C4E8117-94B0-4CD9-AC81-9909ECFF3EE1}.Release|Any CPU.ActiveCfg = Release|Any CPU
		{9C4E8117-94B0-4CD9-AC81-9909ECFF3EE1}.Release|Any CPU.Build.0 = Release|Any CPU
		{1EFB1F3F-EAF8-4204-A89B-7C0C7772B7AF}.Debug|Any CPU.ActiveCfg = Debug|Any CPU
		{1EFB1F3F-EAF8-4204-A89B-7C0C7772B7AF}.Debug|Any CPU.Build.0 = Debug|Any CPU
		{1EFB1F3F-EAF8-4204-A89B-7C0C7772B7AF}.Release|Any CPU.ActiveCfg = Release|Any CPU
		{1EFB1F3F-EAF8-4204-A89B-7C0C7772B7AF}.Release|Any CPU.Build.0 = Release|Any CPU
		{639B74D7-B010-442E-A6F0-5D5FD21402A5}.Debug|Any CPU.ActiveCfg = Debug|Any CPU
		{639B74D7-B010-442E-A6F0-5D5FD21402A5}.Debug|Any CPU.Build.0 = Debug|Any CPU
		{639B74D7-B010-442E-A6F0-5D5FD21402A5}.Release|Any CPU.ActiveCfg = Release|Any CPU
		{639B74D7-B010-442E-A6F0-5D5FD21402A5}.Release|Any CPU.Build.0 = Release|Any CPU
		{35BAAB93-922C-45EB-BAB0-83223FE736E4}.Debug|Any CPU.ActiveCfg = Debug|Any CPU
		{35BAAB93-922C-45EB-BAB0-83223FE736E4}.Debug|Any CPU.Build.0 = Debug|Any CPU
		{35BAAB93-922C-45EB-BAB0-83223FE736E4}.Release|Any CPU.ActiveCfg = Release|Any CPU
		{35BAAB93-922C-45EB-BAB0-83223FE736E4}.Release|Any CPU.Build.0 = Release|Any CPU
		{F9452041-7820-49EB-BA87-05F5F07D7BF0}.Debug|Any CPU.ActiveCfg = Debug|Any CPU
		{F9452041-7820-49EB-BA87-05F5F07D7BF0}.Debug|Any CPU.Build.0 = Debug|Any CPU
		{F9452041-7820-49EB-BA87-05F5F07D7BF0}.Release|Any CPU.ActiveCfg = Release|Any CPU
		{F9452041-7820-49EB-BA87-05F5F07D7BF0}.Release|Any CPU.Build.0 = Release|Any CPU
	EndGlobalSection
	GlobalSection(SolutionProperties) = preSolution
		HideSolutionNode = FALSE
	EndGlobalSection
	GlobalSection(NestedProjects) = preSolution
		{630986DF-6701-4A70-803B-7A177E93432A} = {BA9F2B82-A095-4A60-9217-B19E360CE901}
		{DC452C16-6453-450A-9293-1E490D60950F} = {BA9F2B82-A095-4A60-9217-B19E360CE901}
		{969D424B-EE35-4FFA-BC70-BF59287C51BE} = {BA9F2B82-A095-4A60-9217-B19E360CE901}
		{33364AA4-9DCB-414F-B2AE-DC1852B33AB7} = {BA9F2B82-A095-4A60-9217-B19E360CE901}
		{68E4608E-B9EB-4184-98D0-51C0FCE79B86} = {BA9F2B82-A095-4A60-9217-B19E360CE901}
		{0EAF027A-E803-4930-B4B2-169275D34F0A} = {BA9F2B82-A095-4A60-9217-B19E360CE901}
		{197564BE-72F1-478D-8EEB-61A04B10FF8A} = {BA9F2B82-A095-4A60-9217-B19E360CE901}
		{9C4E8117-94B0-4CD9-AC81-9909ECFF3EE1} = {BA9F2B82-A095-4A60-9217-B19E360CE901}
		{1EFB1F3F-EAF8-4204-A89B-7C0C7772B7AF} = {BA9F2B82-A095-4A60-9217-B19E360CE901}
		{639B74D7-B010-442E-A6F0-5D5FD21402A5} = {BA9F2B82-A095-4A60-9217-B19E360CE901}
		{35BAAB93-922C-45EB-BAB0-83223FE736E4} = {BA9F2B82-A095-4A60-9217-B19E360CE901}
		{F9452041-7820-49EB-BA87-05F5F07D7BF0} = {BA9F2B82-A095-4A60-9217-B19E360CE901}
	EndGlobalSection
EndGlobal
